// !$*UTF8*$!
{
	archiveVersion = 1;
	classes = {
	};
	objectVersion = 46;
	objects = {

/* Begin PBXBuildFile section */
		59CCD7291A3E12CB00B305B4 /* main.cpp in Sources */ = {isa = PBXBuildFile; fileRef = 59CCD7281A3E12CB00B305B4 /* main.cpp */; };
		59CCD7371A3E16C200B305B4 /* AGCoordinationMatrix.cpp in Sources */ = {isa = PBXBuildFile; fileRef = 59CCD7351A3E16C200B305B4 /* AGCoordinationMatrix.cpp */; };
		59CCD7491A3E39B400B305B4 /* AGTSAlgorithm.cpp in Sources */ = {isa = PBXBuildFile; fileRef = 59CCD7471A3E39B400B305B4 /* AGTSAlgorithm.cpp */; };
/* End PBXBuildFile section */

/* Begin PBXCopyFilesBuildPhase section */
		59CCD7231A3E12CB00B305B4 /* CopyFiles */ = {
			isa = PBXCopyFilesBuildPhase;
			buildActionMask = 2147483647;
			dstPath = /usr/share/man/man1/;
			dstSubfolderSpec = 0;
			files = (
			);
			runOnlyForDeploymentPostprocessing = 1;
		};
/* End PBXCopyFilesBuildPhase section */

/* Begin PBXFileReference section */
		59B5B3001A40B22500A5331E /* berlin52.tsp */ = {isa = PBXFileReference; fileEncoding = 4; lastKnownFileType = text; path = berlin52.tsp; sourceTree = "<group>"; };
		59B5B3031A40B22500A5331E /* eil76.tsp */ = {isa = PBXFileReference; fileEncoding = 4; lastKnownFileType = text; path = eil76.tsp; sourceTree = "<group>"; };
		59B5B3081A40B36400A5331E /* st70.tsp */ = {isa = PBXFileReference; fileEncoding = 4; lastKnownFileType = text; path = st70.tsp; sourceTree = "<group>"; };
		59B5B3091A40B39400A5331E /* rat99.tsp */ = {isa = PBXFileReference; fileEncoding = 4; lastKnownFileType = text; path = rat99.tsp; sourceTree = "<group>"; };
		59B5B30A1A40B3E600A5331E /* kroA100.tsp */ = {isa = PBXFileReference; fileEncoding = 4; lastKnownFileType = text; path = kroA100.tsp; sourceTree = "<group>"; };
		59B5B3101A40B75900A5331E /* ulysses16G.txt */ = {isa = PBXFileReference; fileEncoding = 4; lastKnownFileType = text; name = ulysses16G.txt; path = results/ulysses16G.txt; sourceTree = "<group>"; };
		59B5B3111A40B75900A5331E /* ulysses16NN.txt */ = {isa = PBXFileReference; fileEncoding = 4; lastKnownFileType = text; name = ulysses16NN.txt; path = results/ulysses16NN.txt; sourceTree = "<group>"; };
		59B5B3121A40B75900A5331E /* ulysses16R.txt */ = {isa = PBXFileReference; fileEncoding = 4; lastKnownFileType = text; name = ulysses16R.txt; path = results/ulysses16R.txt; sourceTree = "<group>"; };
		59B5B3131A40B75900A5331E /* ulysses16S.txt */ = {isa = PBXFileReference; fileEncoding = 4; lastKnownFileType = text; name = ulysses16S.txt; path = results/ulysses16S.txt; sourceTree = "<group>"; };
		59B5B3151A40CBEC00A5331E /* pr76.tsp */ = {isa = PBXFileReference; fileEncoding = 4; lastKnownFileType = text; path = pr76.tsp; sourceTree = "<group>"; };
		59B5B3161A40CC3100A5331E /* eil51.tsp */ = {isa = PBXFileReference; fileEncoding = 4; lastKnownFileType = text; path = eil51.tsp; sourceTree = "<group>"; };
		59B5B3171A40CC8E00A5331E /* kroC100.tsp */ = {isa = PBXFileReference; fileEncoding = 4; lastKnownFileType = text; path = kroC100.tsp; sourceTree = "<group>"; };
		59CCD7251A3E12CB00B305B4 /* travelling_salesman_problem */ = {isa = PBXFileReference; explicitFileType = "compiled.mach-o.executable"; includeInIndex = 0; path = travelling_salesman_problem; sourceTree = BUILT_PRODUCTS_DIR; };
		59CCD7281A3E12CB00B305B4 /* main.cpp */ = {isa = PBXFileReference; lastKnownFileType = sourcecode.cpp.cpp; path = main.cpp; sourceTree = "<group>"; };
		59CCD7351A3E16C200B305B4 /* AGCoordinationMatrix.cpp */ = {isa = PBXFileReference; fileEncoding = 4; lastKnownFileType = sourcecode.cpp.cpp; path = AGCoordinationMatrix.cpp; sourceTree = "<group>"; };
		59CCD7361A3E16C200B305B4 /* AGCoordinationMatrix.h */ = {isa = PBXFileReference; fileEncoding = 4; lastKnownFileType = sourcecode.c.h; path = AGCoordinationMatrix.h; sourceTree = "<group>"; };
		59CCD7471A3E39B400B305B4 /* AGTSAlgorithm.cpp */ = {isa = PBXFileReference; fileEncoding = 4; lastKnownFileType = sourcecode.cpp.cpp; path = AGTSAlgorithm.cpp; sourceTree = "<group>"; };
		59CCD7481A3E39B400B305B4 /* AGTSAlgorithm.h */ = {isa = PBXFileReference; fileEncoding = 4; lastKnownFileType = sourcecode.c.h; path = AGTSAlgorithm.h; sourceTree = "<group>"; };
/* End PBXFileReference section */

/* Begin PBXFrameworksBuildPhase section */
		59CCD7221A3E12CB00B305B4 /* Frameworks */ = {
			isa = PBXFrameworksBuildPhase;
			buildActionMask = 2147483647;
			files = (
			);
			runOnlyForDeploymentPostprocessing = 0;
		};
/* End PBXFrameworksBuildPhase section */

/* Begin PBXGroup section */
		59B5B30F1A40B74E00A5331E /* Results */ = {
			isa = PBXGroup;
			children = (
				59B5B3101A40B75900A5331E /* ulysses16G.txt */,
				59B5B3111A40B75900A5331E /* ulysses16NN.txt */,
				59B5B3121A40B75900A5331E /* ulysses16R.txt */,
				59B5B3131A40B75900A5331E /* ulysses16S.txt */,
			);
			name = Results;
			sourceTree = "<group>";
		};
		59CCD71C1A3E12CB00B305B4 = {
			isa = PBXGroup;
			children = (
				59CCD7271A3E12CB00B305B4 /* travelling_salesman_problem */,
				59CCD7261A3E12CB00B305B4 /* Products */,
			);
			sourceTree = "<group>";
		};
		59CCD7261A3E12CB00B305B4 /* Products */ = {
			isa = PBXGroup;
			children = (
				59CCD7251A3E12CB00B305B4 /* travelling_salesman_problem */,
			);
			name = Products;
			sourceTree = "<group>";
		};
		59CCD7271A3E12CB00B305B4 /* travelling_salesman_problem */ = {
			isa = PBXGroup;
			children = (
				59B5B30F1A40B74E00A5331E /* Results */,
				59CCD7401A3E1F5400B305B4 /* Data */,
				59CCD7281A3E12CB00B305B4 /* main.cpp */,
				59CCD7351A3E16C200B305B4 /* AGCoordinationMatrix.cpp */,
				59CCD7361A3E16C200B305B4 /* AGCoordinationMatrix.h */,
				59CCD7471A3E39B400B305B4 /* AGTSAlgorithm.cpp */,
				59CCD7481A3E39B400B305B4 /* AGTSAlgorithm.h */,
			);
			path = travelling_salesman_problem;
			sourceTree = "<group>";
		};
		59CCD7401A3E1F5400B305B4 /* Data */ = {
			isa = PBXGroup;
			children = (
				59B5B3171A40CC8E00A5331E /* kroC100.tsp */,
				59B5B3161A40CC3100A5331E /* eil51.tsp */,
				59B5B3151A40CBEC00A5331E /* pr76.tsp */,
				59B5B30A1A40B3E600A5331E /* kroA100.tsp */,
				59B5B3091A40B39400A5331E /* rat99.tsp */,
				59B5B3081A40B36400A5331E /* st70.tsp */,
				59B5B3001A40B22500A5331E /* berlin52.tsp */,
				59B5B3031A40B22500A5331E /* eil76.tsp */,
			);
			name = Data;
			sourceTree = "<group>";
		};
/* End PBXGroup section */

/* Begin PBXNativeTarget section */
		59CCD7241A3E12CB00B305B4 /* travelling_salesman_problem */ = {
			isa = PBXNativeTarget;
			buildConfigurationList = 59CCD72C1A3E12CB00B305B4 /* Build configuration list for PBXNativeTarget "travelling_salesman_problem" */;
			buildPhases = (
				59CCD7211A3E12CB00B305B4 /* Sources */,
				59CCD7221A3E12CB00B305B4 /* Frameworks */,
				59CCD7231A3E12CB00B305B4 /* CopyFiles */,
			);
			buildRules = (
			);
			dependencies = (
			);
			name = travelling_salesman_problem;
			productName = travelling_salesman_problem;
			productReference = 59CCD7251A3E12CB00B305B4 /* travelling_salesman_problem */;
			productType = "com.apple.product-type.tool";
		};
/* End PBXNativeTarget section */

/* Begin PBXProject section */
		59CCD71D1A3E12CB00B305B4 /* Project object */ = {
			isa = PBXProject;
			attributes = {
				LastUpgradeCheck = 0610;
				ORGANIZATIONNAME = "Aleksander Grzyb";
				TargetAttributes = {
					59CCD7241A3E12CB00B305B4 = {
						CreatedOnToolsVersion = 6.1.1;
					};
				};
			};
			buildConfigurationList = 59CCD7201A3E12CB00B305B4 /* Build configuration list for PBXProject "travelling_salesman_problem" */;
			compatibilityVersion = "Xcode 3.2";
			developmentRegion = English;
			hasScannedForEncodings = 0;
			knownRegions = (
				en,
			);
			mainGroup = 59CCD71C1A3E12CB00B305B4;
			productRefGroup = 59CCD7261A3E12CB00B305B4 /* Products */;
			projectDirPath = "";
			projectRoot = "";
			targets = (
				59CCD7241A3E12CB00B305B4 /* travelling_salesman_problem */,
			);
		};
/* End PBXProject section */

/* Begin PBXSourcesBuildPhase section */
		59CCD7211A3E12CB00B305B4 /* Sources */ = {
			isa = PBXSourcesBuildPhase;
			buildActionMask = 2147483647;
			files = (
				59CCD7371A3E16C200B305B4 /* AGCoordinationMatrix.cpp in Sources */,
				59CCD7291A3E12CB00B305B4 /* main.cpp in Sources */,
				59CCD7491A3E39B400B305B4 /* AGTSAlgorithm.cpp in Sources */,
			);
			runOnlyForDeploymentPostprocessing = 0;
		};
/* End PBXSourcesBuildPhase section */

/* Begin XCBuildConfiguration section */
		59CCD72A1A3E12CB00B305B4 /* Debug */ = {
			isa = XCBuildConfiguration;
			buildSettings = {
				ALWAYS_SEARCH_USER_PATHS = NO;
				CLANG_CXX_LANGUAGE_STANDARD = "gnu++0x";
				CLANG_CXX_LIBRARY = "libc++";
				CLANG_ENABLE_MODULES = YES;
				CLANG_ENABLE_OBJC_ARC = YES;
				CLANG_WARN_BOOL_CONVERSION = YES;
				CLANG_WARN_CONSTANT_CONVERSION = YES;
				CLANG_WARN_DIRECT_OBJC_ISA_USAGE = YES_ERROR;
				CLANG_WARN_EMPTY_BODY = YES;
				CLANG_WARN_ENUM_CONVERSION = YES;
				CLANG_WARN_INT_CONVERSION = YES;
				CLANG_WARN_OBJC_ROOT_CLASS = YES_ERROR;
				CLANG_WARN_UNREACHABLE_CODE = YES;
				CLANG_WARN__DUPLICATE_METHOD_MATCH = YES;
				COPY_PHASE_STRIP = NO;
				ENABLE_STRICT_OBJC_MSGSEND = YES;
				GCC_C_LANGUAGE_STANDARD = gnu99;
				GCC_DYNAMIC_NO_PIC = NO;
				GCC_OPTIMIZATION_LEVEL = 0;
				GCC_PREPROCESSOR_DEFINITIONS = (
					"DEBUG=1",
					"$(inherited)",
				);
				GCC_SYMBOLS_PRIVATE_EXTERN = NO;
				GCC_WARN_64_TO_32_BIT_CONVERSION = YES;
				GCC_WARN_ABOUT_RETURN_TYPE = YES_ERROR;
				GCC_WARN_UNDECLARED_SELECTOR = YES;
				GCC_WARN_UNINITIALIZED_AUTOS = YES_AGGRESSIVE;
				GCC_WARN_UNUSED_FUNCTION = YES;
				GCC_WARN_UNUSED_VARIABLE = YES;
				MACOSX_DEPLOYMENT_TARGET = 10.10;
				MTL_ENABLE_DEBUG_INFO = YES;
				ONLY_ACTIVE_ARCH = YES;
				SDKROOT = macosx;
			};
			name = Debug;
		};
		59CCD72B1A3E12CB00B305B4 /* Release */ = {
			isa = XCBuildConfiguration;
			buildSettings = {
				ALWAYS_SEARCH_USER_PATHS = NO;
				CLANG_CXX_LANGUAGE_STANDARD = "gnu++0x";
				CLANG_CXX_LIBRARY = "libc++";
				CLANG_ENABLE_MODULES = YES;
				CLANG_ENABLE_OBJC_ARC = YES;
				CLANG_WARN_BOOL_CONVERSION = YES;
				CLANG_WARN_CONSTANT_CONVERSION = YES;
				CLANG_WARN_DIRECT_OBJC_ISA_USAGE = YES_ERROR;
				CLANG_WARN_EMPTY_BODY = YES;
				CLANG_WARN_ENUM_CONVERSION = YES;
				CLANG_WARN_INT_CONVERSION = YES;
				CLANG_WARN_OBJC_ROOT_CLASS = YES_ERROR;
				CLANG_WARN_UNREACHABLE_CODE = YES;
				CLANG_WARN__DUPLICATE_METHOD_MATCH = YES;
				COPY_PHASE_STRIP = YES;
				DEBUG_INFORMATION_FORMAT = "dwarf-with-dsym";
				ENABLE_NS_ASSERTIONS = NO;
				ENABLE_STRICT_OBJC_MSGSEND = YES;
				GCC_C_LANGUAGE_STANDARD = gnu99;
				GCC_WARN_64_TO_32_BIT_CONVERSION = YES;
				GCC_WARN_ABOUT_RETURN_TYPE = YES_ERROR;
				GCC_WARN_UNDECLARED_SELECTOR = YES;
				GCC_WARN_UNINITIALIZED_AUTOS = YES_AGGRESSIVE;
				GCC_WARN_UNUSED_FUNCTION = YES;
				GCC_WARN_UNUSED_VARIABLE = YES;
				MACOSX_DEPLOYMENT_TARGET = 10.10;
				MTL_ENABLE_DEBUG_INFO = NO;
				SDKROOT = macosx;
			};
			name = Release;
		};
		59CCD72D1A3E12CB00B305B4 /* Debug */ = {
			isa = XCBuildConfiguration;
			buildSettings = {
				PRODUCT_NAME = "$(TARGET_NAME)";
			};
			name = Debug;
		};
		59CCD72E1A3E12CB00B305B4 /* Release */ = {
			isa = XCBuildConfiguration;
			buildSettings = {
				PRODUCT_NAME = "$(TARGET_NAME)";
			};
			name = Release;
		};
/* End XCBuildConfiguration section */

/* Begin XCConfigurationList section */
		59CCD7201A3E12CB00B305B4 /* Build configuration list for PBXProject "travelling_salesman_problem" */ = {
			isa = XCConfigurationList;
			buildConfigurations = (
				59CCD72A1A3E12CB00B305B4 /* Debug */,
				59CCD72B1A3E12CB00B305B4 /* Release */,
			);
			defaultConfigurationIsVisible = 0;
			defaultConfigurationName = Release;
		};
		59CCD72C1A3E12CB00B305B4 /* Build configuration list for PBXNativeTarget "travelling_salesman_problem" */ = {
			isa = XCConfigurationList;
			buildConfigurations = (
				59CCD72D1A3E12CB00B305B4 /* Debug */,
				59CCD72E1A3E12CB00B305B4 /* Release */,
			);
			defaultConfigurationIsVisible = 0;
			defaultConfigurationName = Release;
		};
/* End XCConfigurationList section */
	};
	rootObject = 59CCD71D1A3E12CB00B305B4 /* Project object */;
}
